
Microsoft Visual Studio Solution File, Format Version 12.00
# Visual Studio Version 16
VisualStudioVersion = 16.0.31624.102
MinimumVisualStudioVersion = 10.0.40219.1
Project("{9A19103F-16F7-4668-BE54-9A1E7A4F7556}") = "ExportImportApp", "ExportImportApp\ExportImportApp.csproj", "{6B46A1C2-D45C-4318-9A10-37E192FAE13C}"
EndProject
Global
	GlobalSection(SolutionConfigurationPlatforms) = preSolution
		Debug|Any CPU = Debug|Any CPU
		Release|Any CPU = Release|Any CPU
	EndGlobalSection
	GlobalSection(ProjectConfigurationPlatforms) = postSolution
		{6B46A1C2-D45C-4318-9A10-37E192FAE13C}.Debug|Any CPU.ActiveCfg = Debug|Any CPU
		{6B46A1C2-D45C-4318-9A10-37E192FAE13C}.Debug|Any CPU.Build.0 = Debug|Any CPU
		{6B46A1C2-D45C-4318-9A10-37E192FAE13C}.Release|Any CPU.ActiveCfg = Release|Any CPU
		{6B46A1C2-D45C-4318-9A10-37E192FAE13C}.Release|Any CPU.Build.0 = Release|Any CPU
	EndGlobalSection
	GlobalSection(SolutionProperties) = preSolution
		HideSolutionNode = FALSE
	EndGlobalSection
	GlobalSection(ExtensibilityGlobals) = postSolution
		SolutionGuid = {4546152E-2B2F-4335-B200-2E8EDFD45E4C}
	EndGlobalSection
EndGlobal
